<?xml version="1.0" encoding="utf-8"?>
<Project ToolsVersion="4.0" xmlns="http://schemas.microsoft.com/developer/msbuild/2003">
  <ItemGroup>
    <Filter Include="Source Files">
      <UniqueIdentifier>{4FC737F1-C7A5-4376-A066-2A32D752A2FF}</UniqueIdentifier>
      <Extensions>cpp;c;cc;cxx;def;odl;idl;hpj;bat;asm;asmx</Extensions>
    </Filter>
    <Filter Include="Header Files">
      <UniqueIdentifier>{93995380-89BD-4b04-88EB-625FBE52EBFB}</UniqueIdentifier>
      <Extensions>h;hh;hpp;hxx;hm;inl;inc;xsd</Extensions>
    </Filter>
    <Filter Include="Resource Files">
      <UniqueIdentifier>{67DA6AB6-F800-4c08-8B7A-83BB121AAD01}</UniqueIdentifier>
      <Extensions>rc;ico;cur;bmp;dlg;rc2;rct;bin;rgs;gif;jpg;jpeg;jpe;resx;tiff;tif;png;wav</Extensions>
    </Filter>
  </ItemGroup>
  <ItemGroup>
    <ClCompile Include="build\desktop_qt_6_5_3_mingw_64_bit-debug\cmakefiles\3.30.5\compileridc\CMakeCCompilerId.c">
      <Filter>Source Files</Filter>
    </ClCompile>
    <ClCompile Include="build\desktop_qt_6_5_3_mingw_64_bit-debug\cmakefiles\3.30.5\compileridcxx\CMakeCXXCompilerId.cpp">
      <Filter>Source Files</Filter>
    </ClCompile>
    <ClCompile Include="build\desktop_qt_6_5_3_mingw_64_bit-debug\qt_programming_2024_autogen\mocs_compilation.cpp">
      <Filter>Source Files</Filter>
    </ClCompile>
    <ClCompile Include="build\desktop_qt_6_5_3_mingw_64_bit-debug\qt_programming_2024_autogen\gbfafxfcvo\qrc_assets.cpp">
      <Filter>Source Files</Filter>
    </ClCompile>
    <ClCompile Include="build\desktop_qt_6_5_3_mingw_64_bit-debug\qt_programming_2024_autogen\sne2vj5fqv\moc_BattleScene.cpp">
      <Filter>Source Files</Filter>
    </ClCompile>
    <ClCompile Include="build\desktop_qt_6_5_3_mingw_64_bit-debug\qt_programming_2024_autogen\sne2vj5fqv\moc_Scene.cpp">
      <Filter>Source Files</Filter>
    </ClCompile>
    <ClCompile Include="build\desktop_qt_6_5_3_mingw_64_bit-debug\qt_programming_2024_autogen\uvladie3jm\moc_MyGame.cpp">
      <Filter>Source Files</Filter>
    </ClCompile>
    <ClCompile Include="build\desktop_qt_6_5_3_mingw_64_bit-debug\qt_programming_2024_autogen\uyvgo2b5fg\moc_fallingcontroller.cpp">
      <Filter>Source Files</Filter>
    </ClCompile>
    <ClCompile Include="build\desktop_qt_6_5_3_mingw_64_bit-debug\qt_programming_2024_autogen\z3urefiw6b\moc_Weapon.cpp">
      <Filter>Source Files</Filter>
    </ClCompile>
    <ClCompile Include="build\desktop_qt_6_5_3_mingw_64_bit-release\cmakefiles\3.30.5\compileridc\CMakeCCompilerId.c">
      <Filter>Source Files</Filter>
    </ClCompile>
    <ClCompile Include="build\desktop_qt_6_5_3_mingw_64_bit-release\cmakefiles\3.30.5\compileridcxx\CMakeCXXCompilerId.cpp">
      <Filter>Source Files</Filter>
    </ClCompile>
    <ClCompile Include="build\desktop_qt_6_5_3_mingw_64_bit-release\qt_programming_2024_autogen\mocs_compilation.cpp">
      <Filter>Source Files</Filter>
    </ClCompile>
    <ClCompile Include="build\desktop_qt_6_5_3_mingw_64_bit-release\qt_programming_2024_autogen\gbfafxfcvo\qrc_assets.cpp">
      <Filter>Source Files</Filter>
    </ClCompile>
    <ClCompile Include="build\desktop_qt_6_5_3_mingw_64_bit-release\qt_programming_2024_autogen\sne2vj5fqv\moc_BattleScene.cpp">
      <Filter>Source Files</Filter>
    </ClCompile>
    <ClCompile Include="build\desktop_qt_6_5_3_mingw_64_bit-release\qt_programming_2024_autogen\sne2vj5fqv\moc_Scene.cpp">
      <Filter>Source Files</Filter>
    </ClCompile>
    <ClCompile Include="build\desktop_qt_6_5_3_mingw_64_bit-release\qt_programming_2024_autogen\uvladie3jm\moc_MyGame.cpp">
      <Filter>Source Files</Filter>
    </ClCompile>
    <ClCompile Include="build\desktop_qt_6_5_3_mingw_64_bit-release\qt_programming_2024_autogen\uyvgo2b5fg\moc_fallingcontroller.cpp">
      <Filter>Source Files</Filter>
    </ClCompile>
    <ClCompile Include="src\main.cpp">
      <Filter>Source Files</Filter>
    </ClCompile>
    <ClCompile Include="src\MyGame.cpp">
      <Filter>Source Files</Filter>
    </ClCompile>
    <ClCompile Include="src\fallingcontroller\fallingcontroller.cpp">
      <Filter>Source Files</Filter>
    </ClCompile>
    <ClCompile Include="src\items\fallable.cpp">
      <Filter>Source Files</Filter>
    </ClCompile>
    <ClCompile Include="src\items\Item.cpp">
      <Filter>Source Files</Filter>
    </ClCompile>
    <ClCompile Include="src\items\Mountable.cpp">
      <Filter>Source Files</Filter>
    </ClCompile>
    <ClCompile Include="src\items\armors\Armor.cpp">
      <Filter>Source Files</Filter>
    </ClCompile>
    <ClCompile Include="src\items\armors\BulletArmor.cpp">
      <Filter>Source Files</Filter>
    </ClCompile>
    <ClCompile Include="src\items\armors\NormalArmor.cpp">
      <Filter>Source Files</Filter>
    </ClCompile>
    <ClCompile Include="src\items\characters\Character.cpp">
      <Filter>Source Files</Filter>
    </ClCompile>
    <ClCompile Include="src\items\characters\Link.cpp">
      <Filter>Source Files</Filter>
    </ClCompile>
    <ClCompile Include="src\items\characters\link2.cpp">
      <Filter>Source Files</Filter>
    </ClCompile>
    <ClCompile Include="src\items\drugs\bandage.cpp">
      <Filter>Source Files</Filter>
    </ClCompile>
    <ClCompile Include="src\items\drugs\drug.cpp">
      <Filter>Source Files</Filter>
    </ClCompile>
    <ClCompile Include="src\items\drugs\medbag.cpp">
      <Filter>Source Files</Filter>
    </ClCompile>
    <ClCompile Include="src\items\drugs\medical.cpp">
      <Filter>Source Files</Filter>
    </ClCompile>
    <ClCompile Include="src\items\figure\Figure.cpp">
      <Filter>Source Files</Filter>
    </ClCompile>
    <ClCompile Include="src\items\figure\FigureA.cpp">
      <Filter>Source Files</Filter>
    </ClCompile>
    <ClCompile Include="src\items\figure\figurea_hand.cpp">
      <Filter>Source Files</Filter>
    </ClCompile>
    <ClCompile Include="src\items\figure\figurea_kneedown.cpp">
      <Filter>Source Files</Filter>
    </ClCompile>
    <ClCompile Include="src\items\figure\figureb.cpp">
      <Filter>Source Files</Filter>
    </ClCompile>
    <ClCompile Include="src\items\figure\figureb_hand.cpp">
      <Filter>Source Files</Filter>
    </ClCompile>
    <ClCompile Include="src\items\figure\figureb_kneedown.cpp">
      <Filter>Source Files</Filter>
    </ClCompile>
    <ClCompile Include="src\items\maps\Battlefield.cpp">
      <Filter>Source Files</Filter>
    </ClCompile>
    <ClCompile Include="src\items\maps\grass.cpp">
      <Filter>Source Files</Filter>
    </ClCompile>
    <ClCompile Include="src\items\maps\ice.cpp">
      <Filter>Source Files</Filter>
    </ClCompile>
    <ClCompile Include="src\items\maps\Map.cpp">
      <Filter>Source Files</Filter>
    </ClCompile>
    <ClCompile Include="src\items\weapons\ball.cpp">
      <Filter>Source Files</Filter>
    </ClCompile>
    <ClCompile Include="src\items\weapons\ballhand.cpp">
      <Filter>Source Files</Filter>
    </ClCompile>
    <ClCompile Include="src\items\weapons\bullet.cpp">
      <Filter>Source Files</Filter>
    </ClCompile>
    <ClCompile Include="src\items\weapons\knife.cpp">
      <Filter>Source Files</Filter>
    </ClCompile>
    <ClCompile Include="src\items\weapons\Rifle.cpp">
      <Filter>Source Files</Filter>
    </ClCompile>
    <ClCompile Include="src\items\weapons\sniper.cpp">
      <Filter>Source Files</Filter>
    </ClCompile>
    <ClCompile Include="src\items\weapons\Weapon.cpp">
      <Filter>Source Files</Filter>
    </ClCompile>
    <ClCompile Include="src\scenes\BattleScene.cpp">
      <Filter>Source Files</Filter>
    </ClCompile>
    <ClCompile Include="src\scenes\Platform.cpp">
      <Filter>Source Files</Filter>
    </ClCompile>
    <ClCompile Include="src\scenes\Scene.cpp">
      <Filter>Source Files</Filter>
    </ClCompile>
    <ClCompile Include="src\ui\HealthBar.cpp">
      <Filter>Source Files</Filter>
    </ClCompile>
  </ItemGroup>
  <ItemGroup>
    <ClInclude Include="build\desktop_qt_6_5_3_mingw_64_bit-debug\qt_programming_2024_autogen\moc_predefs.h">
      <Filter>Header Files</Filter>
    </ClInclude>
    <ClInclude Include="build\desktop_qt_6_5_3_mingw_64_bit-release\qt_programming_2024_autogen\moc_predefs.h">
      <Filter>Header Files</Filter>
    </ClInclude>
    <ClInclude Include="src\MyGame.h">
      <Filter>Header Files</Filter>
    </ClInclude>
    <ClInclude Include="src\fallingcontroller\fallingcontroller.h">
      <Filter>Header Files</Filter>
    </ClInclude>
    <ClInclude Include="src\items\fallable.h">
      <Filter>Header Files</Filter>
    </ClInclude>
    <ClInclude Include="src\items\Item.h">
      <Filter>Header Files</Filter>
    </ClInclude>
    <ClInclude Include="src\items\Mountable.h">
      <Filter>Header Files</Filter>
    </ClInclude>
    <ClInclude Include="src\items\armors\Armor.h">
      <Filter>Header Files</Filter>
    </ClInclude>
    <ClInclude Include="src\items\armors\BulletArmor.h">
      <Filter>Header Files</Filter>
    </ClInclude>
    <ClInclude Include="src\items\armors\NormalArmor.h">
      <Filter>Header Files</Filter>
    </ClInclude>
    <ClInclude Include="src\items\characters\Character.h">
      <Filter>Header Files</Filter>
    </ClInclude>
    <ClInclude Include="src\items\characters\Link.h">
      <Filter>Header Files</Filter>
    </ClInclude>
    <ClInclude Include="src\items\characters\link2.h">
      <Filter>Header Files</Filter>
    </ClInclude>
    <ClInclude Include="src\items\drugs\bandage.h">
      <Filter>Header Files</Filter>
    </ClInclude>
    <ClInclude Include="src\items\drugs\drug.h">
      <Filter>Header Files</Filter>
    </ClInclude>
    <ClInclude Include="src\items\drugs\medbag.h">
      <Filter>Header Files</Filter>
    </ClInclude>
    <ClInclude Include="src\items\drugs\medical.h">
      <Filter>Header Files</Filter>
    </ClInclude>
    <ClInclude Include="src\items\figure\Figure.h">
      <Filter>Header Files</Filter>
    </ClInclude>
    <ClInclude Include="src\items\figure\FigureA.h">
      <Filter>Header Files</Filter>
    </ClInclude>
    <ClInclude Include="src\items\figure\figurea_hand.h">
      <Filter>Header Files</Filter>
    </ClInclude>
    <ClInclude Include="src\items\figure\figurea_kneedown.h">
      <Filter>Header Files</Filter>
    </ClInclude>
    <ClInclude Include="src\items\figure\figureb.h">
      <Filter>Header Files</Filter>
    </ClInclude>
    <ClInclude Include="src\items\figure\figureb_hand.h">
      <Filter>Header Files</Filter>
    </ClInclude>
    <ClInclude Include="src\items\figure\figureb_kneedown.h">
      <Filter>Header Files</Filter>
    </ClInclude>
    <ClInclude Include="src\items\maps\Battlefield.h">
      <Filter>Header Files</Filter>
    </ClInclude>
    <ClInclude Include="src\items\maps\grass.h">
      <Filter>Header Files</Filter>
    </ClInclude>
    <ClInclude Include="src\items\maps\ice.h">
      <Filter>Header Files</Filter>
    </ClInclude>
    <ClInclude Include="src\items\maps\Map.h">
      <Filter>Header Files</Filter>
    </ClInclude>
    <ClInclude Include="src\items\weapons\ball.h">
      <Filter>Header Files</Filter>
    </ClInclude>
    <ClInclude Include="src\items\weapons\ballhand.h">
      <Filter>Header Files</Filter>
    </ClInclude>
    <ClInclude Include="src\items\weapons\bullet.h">
      <Filter>Header Files</Filter>
    </ClInclude>
    <ClInclude Include="src\items\weapons\knife.h">
      <Filter>Header Files</Filter>
    </ClInclude>
    <ClInclude Include="src\items\weapons\Rifle.h">
      <Filter>Header Files</Filter>
    </ClInclude>
    <ClInclude Include="src\items\weapons\sniper.h">
      <Filter>Header Files</Filter>
    </ClInclude>
    <ClInclude Include="src\items\weapons\Weapon.h">
      <Filter>Header Files</Filter>
    </ClInclude>
    <ClInclude Include="src\scenes\BattleScene.h">
      <Filter>Header Files</Filter>
    </ClInclude>
    <ClInclude Include="src\scenes\Platform.h">
      <Filter>Header Files</Filter>
    </ClInclude>
    <ClInclude Include="src\scenes\Scene.h">
      <Filter>Header Files</Filter>
    </ClInclude>
    <ClInclude Include="src\ui\HealthBar.h">
      <Filter>Header Files</Filter>
    </ClInclude>
  </ItemGroup>
  <ItemGroup>
    <None Include="build\desktop_qt_6_5_3_mingw_64_bit-debug\cmakefiles\3.30.5\CMakeDetermineCompilerABI_C.bin">
      <Filter>Resource Files</Filter>
    </None>
    <None Include="build\desktop_qt_6_5_3_mingw_64_bit-debug\cmakefiles\3.30.5\CMakeDetermineCompilerABI_CXX.bin">
      <Filter>Resource Files</Filter>
    </None>
    <None Include="build\desktop_qt_6_5_3_mingw_64_bit-release\cmakefiles\3.30.5\CMakeDetermineCompilerABI_C.bin">
      <Filter>Resource Files</Filter>
    </None>
    <None Include="build\desktop_qt_6_5_3_mingw_64_bit-release\cmakefiles\3.30.5\CMakeDetermineCompilerABI_CXX.bin">
      <Filter>Resource Files</Filter>
    </None>
    <None Include="ClassDiagram.cd" />
  </ItemGroup>
</Project>